// !$*UTF8*$!
{
	archiveVersion = 1;
	classes = {
	};
	objectVersion = 51;
	objects = {

/* Begin PBXBuildFile section */
		5C99B730230185C200ECF929 /* AppDelegate.swift in Sources */ = {isa = PBXBuildFile; fileRef = 5C99B72F230185C200ECF929 /* AppDelegate.swift */; };
		5C99B732230185C200ECF929 /* ViewController.swift in Sources */ = {isa = PBXBuildFile; fileRef = 5C99B731230185C200ECF929 /* ViewController.swift */; };
		5C99B735230185C200ECF929 /* Main.storyboard in Resources */ = {isa = PBXBuildFile; fileRef = 5C99B733230185C200ECF929 /* Main.storyboard */; };
		5C99B737230185C400ECF929 /* Assets.xcassets in Resources */ = {isa = PBXBuildFile; fileRef = 5C99B736230185C400ECF929 /* Assets.xcassets */; };
		5C99B73A230185C400ECF929 /* LaunchScreen.storyboard in Resources */ = {isa = PBXBuildFile; fileRef = 5C99B738230185C400ECF929 /* LaunchScreen.storyboard */; };
		F59FC7B483714246FA814051 /* Pods_CircleCITest.framework in Frameworks */ = {isa = PBXBuildFile; fileRef = CA094714D92D89EB35DDC14C /* Pods_CircleCITest.framework */; };
/* End PBXBuildFile section */

/* Begin PBXFileReference section */
		0034D7E24EC06A507FD34F57 /* Pods-CircleCITest.debug.xcconfig */ = {isa = PBXFileReference; includeInIndex = 1; lastKnownFileType = text.xcconfig; name = "Pods-CircleCITest.debug.xcconfig"; path = "Target Support Files/Pods-CircleCITest/Pods-CircleCITest.debug.xcconfig"; sourceTree = "<group>"; };
		5C99B72C230185C200ECF929 /* CircleCITest.app */ = {isa = PBXFileReference; explicitFileType = wrapper.application; includeInIndex = 0; path = CircleCITest.app; sourceTree = BUILT_PRODUCTS_DIR; };
		5C99B72F230185C200ECF929 /* AppDelegate.swift */ = {isa = PBXFileReference; lastKnownFileType = sourcecode.swift; path = AppDelegate.swift; sourceTree = "<group>"; };
		5C99B731230185C200ECF929 /* ViewController.swift */ = {isa = PBXFileReference; lastKnownFileType = sourcecode.swift; path = ViewController.swift; sourceTree = "<group>"; };
		5C99B734230185C200ECF929 /* Base */ = {isa = PBXFileReference; lastKnownFileType = file.storyboard; name = Base; path = Base.lproj/Main.storyboard; sourceTree = "<group>"; };
		5C99B736230185C400ECF929 /* Assets.xcassets */ = {isa = PBXFileReference; lastKnownFileType = folder.assetcatalog; path = Assets.xcassets; sourceTree = "<group>"; };
		5C99B739230185C400ECF929 /* Base */ = {isa = PBXFileReference; lastKnownFileType = file.storyboard; name = Base; path = Base.lproj/LaunchScreen.storyboard; sourceTree = "<group>"; };
		5C99B73B230185C400ECF929 /* Info.plist */ = {isa = PBXFileReference; lastKnownFileType = text.plist.xml; path = Info.plist; sourceTree = "<group>"; };
		6078B8B2228E00085D316650 /* Pods-CircleCITest.release.xcconfig */ = {isa = PBXFileReference; includeInIndex = 1; lastKnownFileType = text.xcconfig; name = "Pods-CircleCITest.release.xcconfig"; path = "Target Support Files/Pods-CircleCITest/Pods-CircleCITest.release.xcconfig"; sourceTree = "<group>"; };
		CA094714D92D89EB35DDC14C /* Pods_CircleCITest.framework */ = {isa = PBXFileReference; explicitFileType = wrapper.framework; includeInIndex = 0; path = Pods_CircleCITest.framework; sourceTree = BUILT_PRODUCTS_DIR; };
/* End PBXFileReference section */

/* Begin PBXFrameworksBuildPhase section */
		5C99B729230185C200ECF929 /* Frameworks */ = {
			isa = PBXFrameworksBuildPhase;
			buildActionMask = 2147483647;
			files = (
				F59FC7B483714246FA814051 /* Pods_CircleCITest.framework in Frameworks */,
			);
			runOnlyForDeploymentPostprocessing = 0;
		};
/* End PBXFrameworksBuildPhase section */

/* Begin PBXGroup section */
		37C5FD8151CCF151A20A63B3 /* Frameworks */ = {
			isa = PBXGroup;
			children = (
				CA094714D92D89EB35DDC14C /* Pods_CircleCITest.framework */,
			);
			name = Frameworks;
			sourceTree = "<group>";
		};
		491C58418AFB58B70AA5F58B /* Pods */ = {
			isa = PBXGroup;
			children = (
				0034D7E24EC06A507FD34F57 /* Pods-CircleCITest.debug.xcconfig */,
				6078B8B2228E00085D316650 /* Pods-CircleCITest.release.xcconfig */,
			);
			path = Pods;
			sourceTree = "<group>";
		};
		5C99B723230185C200ECF929 = {
			isa = PBXGroup;
			children = (
				5C99B72E230185C200ECF929 /* CircleCITest */,
				5C99B72D230185C200ECF929 /* Products */,
				491C58418AFB58B70AA5F58B /* Pods */,
				37C5FD8151CCF151A20A63B3 /* Frameworks */,
			);
			sourceTree = "<group>";
		};
		5C99B72D230185C200ECF929 /* Products */ = {
			isa = PBXGroup;
			children = (
				5C99B72C230185C200ECF929 /* CircleCITest.app */,
			);
			name = Products;
			sourceTree = "<group>";
		};
		5C99B72E230185C200ECF929 /* CircleCITest */ = {
			isa = PBXGroup;
			children = (
				5C99B72F230185C200ECF929 /* AppDelegate.swift */,
				5C99B731230185C200ECF929 /* ViewController.swift */,
				5C99B733230185C200ECF929 /* Main.storyboard */,
				5C99B736230185C400ECF929 /* Assets.xcassets */,
				5C99B738230185C400ECF929 /* LaunchScreen.storyboard */,
				5C99B73B230185C400ECF929 /* Info.plist */,
			);
			path = CircleCITest;
			sourceTree = "<group>";
		};
/* End PBXGroup section */

/* Begin PBXNativeTarget section */
		5C99B72B230185C200ECF929 /* CircleCITest */ = {
			isa = PBXNativeTarget;
			buildConfigurationList = 5C99B73E230185C400ECF929 /* Build configuration list for PBXNativeTarget "CircleCITest" */;
			buildPhases = (
				3B391CCF98B2FABC1D0D867E /* [CP] Check Pods Manifest.lock */,
				5C99B728230185C200ECF929 /* Sources */,
				5C99B729230185C200ECF929 /* Frameworks */,
				5C99B72A230185C200ECF929 /* Resources */,
				D301F521B4AEF7BCE90C8838 /* [CP] Embed Pods Frameworks */,
			);
			buildRules = (
			);
			dependencies = (
			);
			name = CircleCITest;
			productName = CircleCITest;
			productReference = 5C99B72C230185C200ECF929 /* CircleCITest.app */;
			productType = "com.apple.product-type.application";
		};
/* End PBXNativeTarget section */

/* Begin PBXProject section */
		5C99B724230185C200ECF929 /* Project object */ = {
			isa = PBXProject;
			attributes = {
				LastSwiftUpdateCheck = 1020;
				LastUpgradeCheck = 1020;
				ORGANIZATIONNAME = Vinsol;
				TargetAttributes = {
					5C99B72B230185C200ECF929 = {
						CreatedOnToolsVersion = 10.2.1;
					};
				};
			};
			buildConfigurationList = 5C99B727230185C200ECF929 /* Build configuration list for PBXProject "CircleCITest" */;
			compatibilityVersion = "Xcode 9.3";
			developmentRegion = en;
			hasScannedForEncodings = 0;
			knownRegions = (
				en,
				Base,
			);
			mainGroup = 5C99B723230185C200ECF929;
			productRefGroup = 5C99B72D230185C200ECF929 /* Products */;
			projectDirPath = "";
			projectRoot = "";
			targets = (
				5C99B72B230185C200ECF929 /* CircleCITest */,
			);
		};
/* End PBXProject section */

/* Begin PBXResourcesBuildPhase section */
		5C99B72A230185C200ECF929 /* Resources */ = {
			isa = PBXResourcesBuildPhase;
			buildActionMask = 2147483647;
			files = (
				5C99B73A230185C400ECF929 /* LaunchScreen.storyboard in Resources */,
				5C99B737230185C400ECF929 /* Assets.xcassets in Resources */,
				5C99B735230185C200ECF929 /* Main.storyboard in Resources */,
			);
			runOnlyForDeploymentPostprocessing = 0;
		};
/* End PBXResourcesBuildPhase section */

/* Begin PBXShellScriptBuildPhase section */
		3B391CCF98B2FABC1D0D867E /* [CP] Check Pods Manifest.lock */ = {
			isa = PBXShellScriptBuildPhase;
			buildActionMask = 2147483647;
			files = (
			);
			inputFileListPaths = (
			);
			inputPaths = (
				"${PODS_PODFILE_DIR_PATH}/Podfile.lock",
				"${PODS_ROOT}/Manifest.lock",
			);
			name = "[CP] Check Pods Manifest.lock";
			outputFileListPaths = (
			);
			outputPaths = (
				"$(DERIVED_FILE_DIR)/Pods-CircleCITest-checkManifestLockResult.txt",
			);
			runOnlyForDeploymentPostprocessing = 0;
			shellPath = /bin/sh;
			shellScript = "diff \"${PODS_PODFILE_DIR_PATH}/Podfile.lock\" \"${PODS_ROOT}/Manifest.lock\" > /dev/null\nif [ $? != 0 ] ; then\n    # print error to STDERR\n    echo \"error: The sandbox is not in sync with the Podfile.lock. Run 'pod install' or update your CocoaPods installation.\" >&2\n    exit 1\nfi\n# This output is used by Xcode 'outputs' to avoid re-running this script phase.\necho \"SUCCESS\" > \"${SCRIPT_OUTPUT_FILE_0}\"\n";
			showEnvVarsInLog = 0;
		};
		D301F521B4AEF7BCE90C8838 /* [CP] Embed Pods Frameworks */ = {
			isa = PBXShellScriptBuildPhase;
			buildActionMask = 2147483647;
			files = (
			);
			inputFileListPaths = (
				"${PODS_ROOT}/Target Support Files/Pods-CircleCITest/Pods-CircleCITest-frameworks-${CONFIGURATION}-input-files.xcfilelist",
			);
			name = "[CP] Embed Pods Frameworks";
			outputFileListPaths = (
				"${PODS_ROOT}/Target Support Files/Pods-CircleCITest/Pods-CircleCITest-frameworks-${CONFIGURATION}-output-files.xcfilelist",
			);
			runOnlyForDeploymentPostprocessing = 0;
			shellPath = /bin/sh;
			shellScript = "\"${PODS_ROOT}/Target Support Files/Pods-CircleCITest/Pods-CircleCITest-frameworks.sh\"\n";
			showEnvVarsInLog = 0;
		};
/* End PBXShellScriptBuildPhase section */

/* Begin PBXSourcesBuildPhase section */
		5C99B728230185C200ECF929 /* Sources */ = {
			isa = PBXSourcesBuildPhase;
			buildActionMask = 2147483647;
			files = (
				5C99B732230185C200ECF929 /* ViewController.swift in Sources */,
				5C99B730230185C200ECF929 /* AppDelegate.swift in Sources */,
			);
			runOnlyForDeploymentPostprocessing = 0;
		};
/* End PBXSourcesBuildPhase section */

/* Begin PBXVariantGroup section */
		5C99B733230185C200ECF929 /* Main.storyboard */ = {
			isa = PBXVariantGroup;
			children = (
				5C99B734230185C200ECF929 /* Base */,
			);
			name = Main.storyboard;
			sourceTree = "<group>";
		};
		5C99B738230185C400ECF929 /* LaunchScreen.storyboard */ = {
			isa = PBXVariantGroup;
			children = (
				5C99B739230185C400ECF929 /* Base */,
			);
			name = LaunchScreen.storyboard;
			sourceTree = "<group>";
		};
/* End PBXVariantGroup section */

/* Begin XCBuildConfiguration section */
		5C99B73C230185C400ECF929 /* Debug */ = {
			isa = XCBuildConfiguration;
			buildSettings = {
				ALWAYS_SEARCH_USER_PATHS = NO;
				CLANG_ANALYZER_NONNULL = YES;
				CLANG_ANALYZER_NUMBER_OBJECT_CONVERSION = YES_AGGRESSIVE;
				CLANG_CXX_LANGUAGE_STANDARD = "gnu++14";
				CLANG_CXX_LIBRARY = "libc++";
				CLANG_ENABLE_MODULES = YES;
				CLANG_ENABLE_OBJC_ARC = YES;
				CLANG_ENABLE_OBJC_WEAK = YES;
				CLANG_WARN_BLOCK_CAPTURE_AUTORELEASING = YES;
				CLANG_WARN_BOOL_CONVERSION = YES;
				CLANG_WARN_COMMA = YES;
				CLANG_WARN_CONSTANT_CONVERSION = YES;
				CLANG_WARN_DEPRECATED_OBJC_IMPLEMENTATIONS = YES;
				CLANG_WARN_DIRECT_OBJC_ISA_USAGE = YES_ERROR;
				CLANG_WARN_DOCUMENTATION_COMMENTS = YES;
				CLANG_WARN_EMPTY_BODY = YES;
				CLANG_WARN_ENUM_CONVERSION = YES;
				CLANG_WARN_INFINITE_RECURSION = YES;
				CLANG_WARN_INT_CONVERSION = YES;
				CLANG_WARN_NON_LITERAL_NULL_CONVERSION = YES;
				CLANG_WARN_OBJC_IMPLICIT_RETAIN_SELF = YES;
				CLANG_WARN_OBJC_LITERAL_CONVERSION = YES;
				CLANG_WARN_OBJC_ROOT_CLASS = YES_ERROR;
				CLANG_WARN_RANGE_LOOP_ANALYSIS = YES;
				CLANG_WARN_STRICT_PROTOTYPES = YES;
				CLANG_WARN_SUSPICIOUS_MOVE = YES;
				CLANG_WARN_UNGUARDED_AVAILABILITY = YES_AGGRESSIVE;
				CLANG_WARN_UNREACHABLE_CODE = YES;
				CLANG_WARN__DUPLICATE_METHOD_MATCH = YES;
				CODE_SIGN_IDENTITY = "iPhone Developer";
				COPY_PHASE_STRIP = NO;
				DEBUG_INFORMATION_FORMAT = dwarf;
				ENABLE_STRICT_OBJC_MSGSEND = YES;
				ENABLE_TESTABILITY = YES;
				GCC_C_LANGUAGE_STANDARD = gnu11;
				GCC_DYNAMIC_NO_PIC = NO;
				GCC_NO_COMMON_BLOCKS = YES;
				GCC_OPTIMIZATION_LEVEL = 0;
				GCC_PREPROCESSOR_DEFINITIONS = (
					"DEBUG=1",
					"$(inherited)",
				);
				GCC_WARN_64_TO_32_BIT_CONVERSION = YES;
				GCC_WARN_ABOUT_RETURN_TYPE = YES_ERROR;
				GCC_WARN_UNDECLARED_SELECTOR = YES;
				GCC_WARN_UNINITIALIZED_AUTOS = YES_AGGRESSIVE;
				GCC_WARN_UNUSED_FUNCTION = YES;
				GCC_WARN_UNUSED_VARIABLE = YES;
				IPHONEOS_DEPLOYMENT_TARGET = 12.2;
				MTL_ENABLE_DEBUG_INFO = INCLUDE_SOURCE;
				MTL_FAST_MATH = YES;
				ONLY_ACTIVE_ARCH = YES;
				SDKROOT = iphoneos;
				SWIFT_ACTIVE_COMPILATION_CONDITIONS = DEBUG;
				SWIFT_OPTIMIZATION_LEVEL = "-Onone";
			};
			name = Debug;
		};
		5C99B73D230185C400ECF929 /* Release */ = {
			isa = XCBuildConfiguration;
			buildSettings = {
				ALWAYS_SEARCH_USER_PATHS = NO;
				CLANG_ANALYZER_NONNULL = YES;
				CLANG_ANALYZER_NUMBER_OBJECT_CONVERSION = YES_AGGRESSIVE;
				CLANG_CXX_LANGUAGE_STANDARD = "gnu++14";
				CLANG_CXX_LIBRARY = "libc++";
				CLANG_ENABLE_MODULES = YES;
				CLANG_ENABLE_OBJC_ARC = YES;
				CLANG_ENABLE_OBJC_WEAK = YES;
				CLANG_WARN_BLOCK_CAPTURE_AUTORELEASING = YES;
				CLANG_WARN_BOOL_CONVERSION = YES;
				CLANG_WARN_COMMA = YES;
				CLANG_WARN_CONSTANT_CONVERSION = YES;
				CLANG_WARN_DEPRECATED_OBJC_IMPLEMENTATIONS = YES;
				CLANG_WARN_DIRECT_OBJC_ISA_USAGE = YES_ERROR;
				CLANG_WARN_DOCUMENTATION_COMMENTS = YES;
				CLANG_WARN_EMPTY_BODY = YES;
				CLANG_WARN_ENUM_CONVERSION = YES;
				CLANG_WARN_INFINITE_RECURSION = YES;
				CLANG_WARN_INT_CONVERSION = YES;
				CLANG_WARN_NON_LITERAL_NULL_CONVERSION = YES;
				CLANG_WARN_OBJC_IMPLICIT_RETAIN_SELF = YES;
				CLANG_WARN_OBJC_LITERAL_CONVERSION = YES;
				CLANG_WARN_OBJC_ROOT_CLASS = YES_ERROR;
				CLANG_WARN_RANGE_LOOP_ANALYSIS = YES;
				CLANG_WARN_STRICT_PROTOTYPES = YES;
				CLANG_WARN_SUSPICIOUS_MOVE = YES;
				CLANG_WARN_UNGUARDED_AVAILABILITY = YES_AGGRESSIVE;
				CLANG_WARN_UNREACHABLE_CODE = YES;
				CLANG_WARN__DUPLICATE_METHOD_MATCH = YES;
				CODE_SIGN_IDENTITY = "iPhone Developer";
				COPY_PHASE_STRIP = NO;
				DEBUG_INFORMATION_FORMAT = "dwarf-with-dsym";
				ENABLE_NS_ASSERTIONS = NO;
				ENABLE_STRICT_OBJC_MSGSEND = YES;
				GCC_C_LANGUAGE_STANDARD = gnu11;
				GCC_NO_COMMON_BLOCKS = YES;
				GCC_WARN_64_TO_32_BIT_CONVERSION = YES;
				GCC_WARN_ABOUT_RETURN_TYPE = YES_ERROR;
				GCC_WARN_UNDECLARED_SELECTOR = YES;
				GCC_WARN_UNINITIALIZED_AUTOS = YES_AGGRESSIVE;
				GCC_WARN_UNUSED_FUNCTION = YES;
				GCC_WARN_UNUSED_VARIABLE = YES;
				IPHONEOS_DEPLOYMENT_TARGET = 12.2;
				MTL_ENABLE_DEBUG_INFO = NO;
				MTL_FAST_MATH = YES;
				SDKROOT = iphoneos;
				SWIFT_COMPILATION_MODE = wholemodule;
				SWIFT_OPTIMIZATION_LEVEL = "-O";
				VALIDATE_PRODUCT = YES;
			};
			name = Release;
		};
		5C99B73F230185C400ECF929 /* Debug */ = {
			isa = XCBuildConfiguration;
			baseConfigurationReference = 0034D7E24EC06A507FD34F57 /* Pods-CircleCITest.debug.xcconfig */;
			buildSettings = {
				ASSETCATALOG_COMPILER_APPICON_NAME = AppIcon;
				CODE_SIGN_STYLE = Manual;
				DEVELOPMENT_TEAM = 29ECX39VK2;
				INFOPLIST_FILE = CircleCITest/Info.plist;
				LD_RUNPATH_SEARCH_PATHS = (
					"$(inherited)",
					"@executable_path/Frameworks",
				);
				PRODUCT_BUNDLE_IDENTIFIER = com.vinsol.CircleCITest;
				PRODUCT_NAME = "$(TARGET_NAME)";
				PROVISIONING_PROFILE_SPECIFIER = VinsolDevelopers;
				SWIFT_VERSION = 5.0;
				TARGETED_DEVICE_FAMILY = "1,2";
			};
			name = Debug;
		};
		5C99B740230185C400ECF929 /* Release */ = {
			isa = XCBuildConfiguration;
			baseConfigurationReference = 6078B8B2228E00085D316650 /* Pods-CircleCITest.release.xcconfig */;
			buildSettings = {
				ASSETCATALOG_COMPILER_APPICON_NAME = AppIcon;
				CODE_SIGN_STYLE = Manual;
				DEVELOPMENT_TEAM = "";
				INFOPLIST_FILE = CircleCITest/Info.plist;
				LD_RUNPATH_SEARCH_PATHS = (
					"$(inherited)",
					"@executable_path/Frameworks",
				);
				PRODUCT_BUNDLE_IDENTIFIER = com.vinsol.CircleCITest;
				PRODUCT_NAME = "$(TARGET_NAME)";
				PROVISIONING_PROFILE_SPECIFIER = "";
				SWIFT_VERSION = 5.0;
				TARGETED_DEVICE_FAMILY = "1,2";
			};
			name = Release;
		};
/* End XCBuildConfiguration section */

/* Begin XCConfigurationList section */
		5C99B727230185C200ECF929 /* Build configuration list for PBXProject "CircleCITest" */ = {
			isa = XCConfigurationList;
			buildConfigurations = (
				5C99B73C230185C400ECF929 /* Debug */,
				5C99B73D230185C400ECF929 /* Release */,
			);
			defaultConfigurationIsVisible = 0;
			defaultConfigurationName = Release;
		};
		5C99B73E230185C400ECF929 /* Build configuration list for PBXNativeTarget "CircleCITest" */ = {
			isa = XCConfigurationList;
			buildConfigurations = (
				5C99B73F230185C400ECF929 /* Debug */,
				5C99B740230185C400ECF929 /* Release */,
			);
			defaultConfigurationIsVisible = 0;
			defaultConfigurationName = Release;
		};
/* End XCConfigurationList section */
	};
	rootObject = 5C99B724230185C200ECF929 /* Project object */;
}
